
Microsoft Visual Studio Solution File, Format Version 12.00
# Visual Studio 2015
Project("{FAE04EC0-301F-11D3-BF4B-00C04F79EFBC}") = "MeliorGames_TZ_Git.CSharp", "MeliorGames_TZ_Git.CSharp.csproj", "{123C13C4-E30B-07C3-E8EF-28A17EED3706}"
EndProject
Global
	GlobalSection(SolutionConfigurationPlatforms) = preSolution
		Debug|Any CPU = Debug|Any CPU
		Release|Any CPU = Release|Any CPU
	EndGlobalSection
	GlobalSection(ProjectConfigurationPlatforms) = postSolution
		{123C13C4-E30B-07C3-E8EF-28A17EED3706}.Debug|Any CPU.ActiveCfg = Debug|Any CPU
		{123C13C4-E30B-07C3-E8EF-28A17EED3706}.Debug|Any CPU.Build.0 = Debug|Any CPU
		{123C13C4-E30B-07C3-E8EF-28A17EED3706}.Release|Any CPU.ActiveCfg = Release|Any CPU
		{123C13C4-E30B-07C3-E8EF-28A17EED3706}.Release|Any CPU.Build.0 = Release|Any CPU
	EndGlobalSection
	GlobalSection(SolutionProperties) = preSolution
		HideSolutionNode = FALSE
	EndGlobalSection
EndGlobal
